// !$*UTF8*$!
{
	archiveVersion = 1;
	classes = {
	};
	objectVersion = 50;
	objects = {

/* Begin PBXBuildFile section */
		79DCC58A20C54A3A002EE6A8 /* AppDelegate.swift in Sources */ = {isa = PBXBuildFile; fileRef = 79DCC58920C54A3A002EE6A8 /* AppDelegate.swift */; };
		79DCC58C20C54A3A002EE6A8 /* ViewController.swift in Sources */ = {isa = PBXBuildFile; fileRef = 79DCC58B20C54A3A002EE6A8 /* ViewController.swift */; };
		79DCC58F20C54A3A002EE6A8 /* Main.storyboard in Resources */ = {isa = PBXBuildFile; fileRef = 79DCC58D20C54A3A002EE6A8 /* Main.storyboard */; };
		79DCC59120C54A3B002EE6A8 /* Assets.xcassets in Resources */ = {isa = PBXBuildFile; fileRef = 79DCC59020C54A3B002EE6A8 /* Assets.xcassets */; };
		79DCC59420C54A3B002EE6A8 /* LaunchScreen.storyboard in Resources */ = {isa = PBXBuildFile; fileRef = 79DCC59220C54A3B002EE6A8 /* LaunchScreen.storyboard */; };
		79DCC59F20C54A3B002EE6A8 /* BowlingTests.swift in Sources */ = {isa = PBXBuildFile; fileRef = 79DCC59E20C54A3B002EE6A8 /* BowlingTests.swift */; };
		79DCC5AA20C54A3B002EE6A8 /* BowlingUITests.swift in Sources */ = {isa = PBXBuildFile; fileRef = 79DCC5A920C54A3B002EE6A8 /* BowlingUITests.swift */; };
		79DCC5B820C54C9B002EE6A8 /* BowlingScorer.swift in Sources */ = {isa = PBXBuildFile; fileRef = 79DCC5B720C54C9B002EE6A8 /* BowlingScorer.swift */; };
		79DCC5BC20C55192002EE6A8 /* Rules.swift in Sources */ = {isa = PBXBuildFile; fileRef = 79DCC5BB20C55192002EE6A8 /* Rules.swift */; };
		79DCC5BE20C551A0002EE6A8 /* Frame.swift in Sources */ = {isa = PBXBuildFile; fileRef = 79DCC5BD20C551A0002EE6A8 /* Frame.swift */; };
/* End PBXBuildFile section */

/* Begin PBXContainerItemProxy section */
		79DCC59B20C54A3B002EE6A8 /* PBXContainerItemProxy */ = {
			isa = PBXContainerItemProxy;
			containerPortal = 79DCC57E20C54A3A002EE6A8 /* Project object */;
			proxyType = 1;
			remoteGlobalIDString = 79DCC58520C54A3A002EE6A8;
			remoteInfo = Bowling;
		};
		79DCC5A620C54A3B002EE6A8 /* PBXContainerItemProxy */ = {
			isa = PBXContainerItemProxy;
			containerPortal = 79DCC57E20C54A3A002EE6A8 /* Project object */;
			proxyType = 1;
			remoteGlobalIDString = 79DCC58520C54A3A002EE6A8;
			remoteInfo = Bowling;
		};
/* End PBXContainerItemProxy section */

/* Begin PBXFileReference section */
		79DCC58620C54A3A002EE6A8 /* Bowling.app */ = {isa = PBXFileReference; explicitFileType = wrapper.application; includeInIndex = 0; path = Bowling.app; sourceTree = BUILT_PRODUCTS_DIR; };
		79DCC58920C54A3A002EE6A8 /* AppDelegate.swift */ = {isa = PBXFileReference; lastKnownFileType = sourcecode.swift; path = AppDelegate.swift; sourceTree = "<group>"; };
		79DCC58B20C54A3A002EE6A8 /* ViewController.swift */ = {isa = PBXFileReference; lastKnownFileType = sourcecode.swift; path = ViewController.swift; sourceTree = "<group>"; };
		79DCC58E20C54A3A002EE6A8 /* Base */ = {isa = PBXFileReference; lastKnownFileType = file.storyboard; name = Base; path = Base.lproj/Main.storyboard; sourceTree = "<group>"; };
		79DCC59020C54A3B002EE6A8 /* Assets.xcassets */ = {isa = PBXFileReference; lastKnownFileType = folder.assetcatalog; path = Assets.xcassets; sourceTree = "<group>"; };
		79DCC59320C54A3B002EE6A8 /* Base */ = {isa = PBXFileReference; lastKnownFileType = file.storyboard; name = Base; path = Base.lproj/LaunchScreen.storyboard; sourceTree = "<group>"; };
		79DCC59520C54A3B002EE6A8 /* Info.plist */ = {isa = PBXFileReference; lastKnownFileType = text.plist.xml; path = Info.plist; sourceTree = "<group>"; };
		79DCC59A20C54A3B002EE6A8 /* BowlingTests.xctest */ = {isa = PBXFileReference; explicitFileType = wrapper.cfbundle; includeInIndex = 0; path = BowlingTests.xctest; sourceTree = BUILT_PRODUCTS_DIR; };
		79DCC59E20C54A3B002EE6A8 /* BowlingTests.swift */ = {isa = PBXFileReference; lastKnownFileType = sourcecode.swift; path = BowlingTests.swift; sourceTree = "<group>"; };
		79DCC5A020C54A3B002EE6A8 /* Info.plist */ = {isa = PBXFileReference; lastKnownFileType = text.plist.xml; path = Info.plist; sourceTree = "<group>"; };
		79DCC5A520C54A3B002EE6A8 /* BowlingUITests.xctest */ = {isa = PBXFileReference; explicitFileType = wrapper.cfbundle; includeInIndex = 0; path = BowlingUITests.xctest; sourceTree = BUILT_PRODUCTS_DIR; };
		79DCC5A920C54A3B002EE6A8 /* BowlingUITests.swift */ = {isa = PBXFileReference; lastKnownFileType = sourcecode.swift; path = BowlingUITests.swift; sourceTree = "<group>"; };
		79DCC5AB20C54A3B002EE6A8 /* Info.plist */ = {isa = PBXFileReference; lastKnownFileType = text.plist.xml; path = Info.plist; sourceTree = "<group>"; };
		79DCC5B720C54C9B002EE6A8 /* BowlingScorer.swift */ = {isa = PBXFileReference; lastKnownFileType = sourcecode.swift; path = BowlingScorer.swift; sourceTree = "<group>"; };
		79DCC5BB20C55192002EE6A8 /* Rules.swift */ = {isa = PBXFileReference; lastKnownFileType = sourcecode.swift; path = Rules.swift; sourceTree = "<group>"; };
		79DCC5BD20C551A0002EE6A8 /* Frame.swift */ = {isa = PBXFileReference; lastKnownFileType = sourcecode.swift; path = Frame.swift; sourceTree = "<group>"; };
/* End PBXFileReference section */

/* Begin PBXFrameworksBuildPhase section */
		79DCC58320C54A3A002EE6A8 /* Frameworks */ = {
			isa = PBXFrameworksBuildPhase;
			buildActionMask = 2147483647;
			files = (
			);
			runOnlyForDeploymentPostprocessing = 0;
		};
		79DCC59720C54A3B002EE6A8 /* Frameworks */ = {
			isa = PBXFrameworksBuildPhase;
			buildActionMask = 2147483647;
			files = (
			);
			runOnlyForDeploymentPostprocessing = 0;
		};
		79DCC5A220C54A3B002EE6A8 /* Frameworks */ = {
			isa = PBXFrameworksBuildPhase;
			buildActionMask = 2147483647;
			files = (
			);
			runOnlyForDeploymentPostprocessing = 0;
		};
/* End PBXFrameworksBuildPhase section */

/* Begin PBXGroup section */
		79DCC57D20C54A3A002EE6A8 = {
			isa = PBXGroup;
			children = (
				79DCC58820C54A3A002EE6A8 /* Bowling */,
				79DCC59D20C54A3B002EE6A8 /* BowlingTests */,
				79DCC5A820C54A3B002EE6A8 /* BowlingUITests */,
				79DCC58720C54A3A002EE6A8 /* Products */,
			);
			sourceTree = "<group>";
		};
		79DCC58720C54A3A002EE6A8 /* Products */ = {
			isa = PBXGroup;
			children = (
				79DCC58620C54A3A002EE6A8 /* Bowling.app */,
				79DCC59A20C54A3B002EE6A8 /* BowlingTests.xctest */,
				79DCC5A520C54A3B002EE6A8 /* BowlingUITests.xctest */,
			);
			name = Products;
			sourceTree = "<group>";
		};
		79DCC58820C54A3A002EE6A8 /* Bowling */ = {
			isa = PBXGroup;
			children = (
				79DCC58920C54A3A002EE6A8 /* AppDelegate.swift */,
				79DCC58B20C54A3A002EE6A8 /* ViewController.swift */,
				79DCC58D20C54A3A002EE6A8 /* Main.storyboard */,
				79DCC59020C54A3B002EE6A8 /* Assets.xcassets */,
				79DCC59220C54A3B002EE6A8 /* LaunchScreen.storyboard */,
				79DCC59520C54A3B002EE6A8 /* Info.plist */,
				79DCC5B720C54C9B002EE6A8 /* BowlingScorer.swift */,
				79DCC5BB20C55192002EE6A8 /* Rules.swift */,
				79DCC5BD20C551A0002EE6A8 /* Frame.swift */,
			);
			path = Bowling;
			sourceTree = "<group>";
		};
		79DCC59D20C54A3B002EE6A8 /* BowlingTests */ = {
			isa = PBXGroup;
			children = (
				79DCC59E20C54A3B002EE6A8 /* BowlingTests.swift */,
				79DCC5A020C54A3B002EE6A8 /* Info.plist */,
			);
			path = BowlingTests;
			sourceTree = "<group>";
		};
		79DCC5A820C54A3B002EE6A8 /* BowlingUITests */ = {
			isa = PBXGroup;
			children = (
				79DCC5A920C54A3B002EE6A8 /* BowlingUITests.swift */,
				79DCC5AB20C54A3B002EE6A8 /* Info.plist */,
			);
			path = BowlingUITests;
			sourceTree = "<group>";
		};
/* End PBXGroup section */

/* Begin PBXNativeTarget section */
		79DCC58520C54A3A002EE6A8 /* Bowling */ = {
			isa = PBXNativeTarget;
			buildConfigurationList = 79DCC5AE20C54A3B002EE6A8 /* Build configuration list for PBXNativeTarget "Bowling" */;
			buildPhases = (
				79DCC58220C54A3A002EE6A8 /* Sources */,
				79DCC58320C54A3A002EE6A8 /* Frameworks */,
				79DCC58420C54A3A002EE6A8 /* Resources */,
			);
			buildRules = (
			);
			dependencies = (
			);
			name = Bowling;
			productName = Bowling;
			productReference = 79DCC58620C54A3A002EE6A8 /* Bowling.app */;
			productType = "com.apple.product-type.application";
		};
		79DCC59920C54A3B002EE6A8 /* BowlingTests */ = {
			isa = PBXNativeTarget;
			buildConfigurationList = 79DCC5B120C54A3B002EE6A8 /* Build configuration list for PBXNativeTarget "BowlingTests" */;
			buildPhases = (
				79DCC59620C54A3B002EE6A8 /* Sources */,
				79DCC59720C54A3B002EE6A8 /* Frameworks */,
				79DCC59820C54A3B002EE6A8 /* Resources */,
			);
			buildRules = (
			);
			dependencies = (
				79DCC59C20C54A3B002EE6A8 /* PBXTargetDependency */,
			);
			name = BowlingTests;
			productName = BowlingTests;
			productReference = 79DCC59A20C54A3B002EE6A8 /* BowlingTests.xctest */;
			productType = "com.apple.product-type.bundle.unit-test";
		};
		79DCC5A420C54A3B002EE6A8 /* BowlingUITests */ = {
			isa = PBXNativeTarget;
			buildConfigurationList = 79DCC5B420C54A3B002EE6A8 /* Build configuration list for PBXNativeTarget "BowlingUITests" */;
			buildPhases = (
				79DCC5A120C54A3B002EE6A8 /* Sources */,
				79DCC5A220C54A3B002EE6A8 /* Frameworks */,
				79DCC5A320C54A3B002EE6A8 /* Resources */,
			);
			buildRules = (
			);
			dependencies = (
				79DCC5A720C54A3B002EE6A8 /* PBXTargetDependency */,
			);
			name = BowlingUITests;
			productName = BowlingUITests;
			productReference = 79DCC5A520C54A3B002EE6A8 /* BowlingUITests.xctest */;
			productType = "com.apple.product-type.bundle.ui-testing";
		};
/* End PBXNativeTarget section */

/* Begin PBXProject section */
		79DCC57E20C54A3A002EE6A8 /* Project object */ = {
			isa = PBXProject;
			attributes = {
				LastSwiftUpdateCheck = 0940;
				LastUpgradeCheck = 0940;
				ORGANIZATIONNAME = hajamasood;
				TargetAttributes = {
					79DCC58520C54A3A002EE6A8 = {
						CreatedOnToolsVersion = 9.4;
					};
					79DCC59920C54A3B002EE6A8 = {
						CreatedOnToolsVersion = 9.4;
						TestTargetID = 79DCC58520C54A3A002EE6A8;
					};
					79DCC5A420C54A3B002EE6A8 = {
						CreatedOnToolsVersion = 9.4;
						TestTargetID = 79DCC58520C54A3A002EE6A8;
					};
				};
			};
			buildConfigurationList = 79DCC58120C54A3A002EE6A8 /* Build configuration list for PBXProject "Bowling" */;
			compatibilityVersion = "Xcode 9.3";
			developmentRegion = en;
			hasScannedForEncodings = 0;
			knownRegions = (
				en,
				Base,
			);
			mainGroup = 79DCC57D20C54A3A002EE6A8;
			productRefGroup = 79DCC58720C54A3A002EE6A8 /* Products */;
			projectDirPath = "";
			projectRoot = "";
			targets = (
				79DCC58520C54A3A002EE6A8 /* Bowling */,
				79DCC59920C54A3B002EE6A8 /* BowlingTests */,
				79DCC5A420C54A3B002EE6A8 /* BowlingUITests */,
			);
		};
/* End PBXProject section */

/* Begin PBXResourcesBuildPhase section */
		79DCC58420C54A3A002EE6A8 /* Resources */ = {
			isa = PBXResourcesBuildPhase;
			buildActionMask = 2147483647;
			files = (
				79DCC59420C54A3B002EE6A8 /* LaunchScreen.storyboard in Resources */,
				79DCC59120C54A3B002EE6A8 /* Assets.xcassets in Resources */,
				79DCC58F20C54A3A002EE6A8 /* Main.storyboard in Resources */,
			);
			runOnlyForDeploymentPostprocessing = 0;
		};
		79DCC59820C54A3B002EE6A8 /* Resources */ = {
			isa = PBXResourcesBuildPhase;
			buildActionMask = 2147483647;
			files = (
			);
			runOnlyForDeploymentPostprocessing = 0;
		};
		79DCC5A320C54A3B002EE6A8 /* Resources */ = {
			isa = PBXResourcesBuildPhase;
			buildActionMask = 2147483647;
			files = (
			);
			runOnlyForDeploymentPostprocessing = 0;
		};
/* End PBXResourcesBuildPhase section */

/* Begin PBXSourcesBuildPhase section */
		79DCC58220C54A3A002EE6A8 /* Sources */ = {
			isa = PBXSourcesBuildPhase;
			buildActionMask = 2147483647;
			files = (
				79DCC58C20C54A3A002EE6A8 /* ViewController.swift in Sources */,
				79DCC58A20C54A3A002EE6A8 /* AppDelegate.swift in Sources */,
				79DCC5BE20C551A0002EE6A8 /* Frame.swift in Sources */,
				79DCC5B820C54C9B002EE6A8 /* BowlingScorer.swift in Sources */,
				79DCC5BC20C55192002EE6A8 /* Rules.swift in Sources */,
			);
			runOnlyForDeploymentPostprocessing = 0;
		};
		79DCC59620C54A3B002EE6A8 /* Sources */ = {
			isa = PBXSourcesBuildPhase;
			buildActionMask = 2147483647;
			files = (
				79DCC59F20C54A3B002EE6A8 /* BowlingTests.swift in Sources */,
			);
			runOnlyForDeploymentPostprocessing = 0;
		};
		79DCC5A120C54A3B002EE6A8 /* Sources */ = {
			isa = PBXSourcesBuildPhase;
			buildActionMask = 2147483647;
			files = (
				79DCC5AA20C54A3B002EE6A8 /* BowlingUITests.swift in Sources */,
			);
			runOnlyForDeploymentPostprocessing = 0;
		};
/* End PBXSourcesBuildPhase section */

/* Begin PBXTargetDependency section */
		79DCC59C20C54A3B002EE6A8 /* PBXTargetDependency */ = {
			isa = PBXTargetDependency;
			target = 79DCC58520C54A3A002EE6A8 /* Bowling */;
			targetProxy = 79DCC59B20C54A3B002EE6A8 /* PBXContainerItemProxy */;
		};
		79DCC5A720C54A3B002EE6A8 /* PBXTargetDependency */ = {
			isa = PBXTargetDependency;
			target = 79DCC58520C54A3A002EE6A8 /* Bowling */;
			targetProxy = 79DCC5A620C54A3B002EE6A8 /* PBXContainerItemProxy */;
		};
/* End PBXTargetDependency section */

/* Begin PBXVariantGroup section */
		79DCC58D20C54A3A002EE6A8 /* Main.storyboard */ = {
			isa = PBXVariantGroup;
			children = (
				79DCC58E20C54A3A002EE6A8 /* Base */,
			);
			name = Main.storyboard;
			sourceTree = "<group>";
		};
		79DCC59220C54A3B002EE6A8 /* LaunchScreen.storyboard */ = {
			isa = PBXVariantGroup;
			children = (
				79DCC59320C54A3B002EE6A8 /* Base */,
			);
			name = LaunchScreen.storyboard;
			sourceTree = "<group>";
		};
/* End PBXVariantGroup section */

/* Begin XCBuildConfiguration section */
		79DCC5AC20C54A3B002EE6A8 /* Debug */ = {
			isa = XCBuildConfiguration;
			buildSettings = {
				ALWAYS_SEARCH_USER_PATHS = NO;
				CLANG_ANALYZER_NONNULL = YES;
				CLANG_ANALYZER_NUMBER_OBJECT_CONVERSION = YES_AGGRESSIVE;
				CLANG_CXX_LANGUAGE_STANDARD = "gnu++14";
				CLANG_CXX_LIBRARY = "libc++";
				CLANG_ENABLE_MODULES = YES;
				CLANG_ENABLE_OBJC_ARC = YES;
				CLANG_ENABLE_OBJC_WEAK = YES;
				CLANG_WARN_BLOCK_CAPTURE_AUTORELEASING = YES;
				CLANG_WARN_BOOL_CONVERSION = YES;
				CLANG_WARN_COMMA = YES;
				CLANG_WARN_CONSTANT_CONVERSION = YES;
				CLANG_WARN_DEPRECATED_OBJC_IMPLEMENTATIONS = YES;
				CLANG_WARN_DIRECT_OBJC_ISA_USAGE = YES_ERROR;
				CLANG_WARN_DOCUMENTATION_COMMENTS = YES;
				CLANG_WARN_EMPTY_BODY = YES;
				CLANG_WARN_ENUM_CONVERSION = YES;
				CLANG_WARN_INFINITE_RECURSION = YES;
				CLANG_WARN_INT_CONVERSION = YES;
				CLANG_WARN_NON_LITERAL_NULL_CONVERSION = YES;
				CLANG_WARN_OBJC_IMPLICIT_RETAIN_SELF = YES;
				CLANG_WARN_OBJC_LITERAL_CONVERSION = YES;
				CLANG_WARN_OBJC_ROOT_CLASS = YES_ERROR;
				CLANG_WARN_RANGE_LOOP_ANALYSIS = YES;
				CLANG_WARN_STRICT_PROTOTYPES = YES;
				CLANG_WARN_SUSPICIOUS_MOVE = YES;
				CLANG_WARN_UNGUARDED_AVAILABILITY = YES_AGGRESSIVE;
				CLANG_WARN_UNREACHABLE_CODE = YES;
				CLANG_WARN__DUPLICATE_METHOD_MATCH = YES;
				CODE_SIGN_IDENTITY = "iPhone Developer";
				COPY_PHASE_STRIP = NO;
				DEBUG_INFORMATION_FORMAT = dwarf;
				ENABLE_STRICT_OBJC_MSGSEND = YES;
				ENABLE_TESTABILITY = YES;
				GCC_C_LANGUAGE_STANDARD = gnu11;
				GCC_DYNAMIC_NO_PIC = NO;
				GCC_NO_COMMON_BLOCKS = YES;
				GCC_OPTIMIZATION_LEVEL = 0;
				GCC_PREPROCESSOR_DEFINITIONS = (
					"DEBUG=1",
					"$(inherited)",
				);
				GCC_WARN_64_TO_32_BIT_CONVERSION = YES;
				GCC_WARN_ABOUT_RETURN_TYPE = YES_ERROR;
				GCC_WARN_UNDECLARED_SELECTOR = YES;
				GCC_WARN_UNINITIALIZED_AUTOS = YES_AGGRESSIVE;
				GCC_WARN_UNUSED_FUNCTION = YES;
				GCC_WARN_UNUSED_VARIABLE = YES;
				IPHONEOS_DEPLOYMENT_TARGET = 11.4;
				MTL_ENABLE_DEBUG_INFO = YES;
				ONLY_ACTIVE_ARCH = YES;
				SDKROOT = iphoneos;
				SWIFT_ACTIVE_COMPILATION_CONDITIONS = DEBUG;
				SWIFT_OPTIMIZATION_LEVEL = "-Onone";
			};
			name = Debug;
		};
		79DCC5AD20C54A3B002EE6A8 /* Release */ = {
			isa = XCBuildConfiguration;
			buildSettings = {
				ALWAYS_SEARCH_USER_PATHS = NO;
				CLANG_ANALYZER_NONNULL = YES;
				CLANG_ANALYZER_NUMBER_OBJECT_CONVERSION = YES_AGGRESSIVE;
				CLANG_CXX_LANGUAGE_STANDARD = "gnu++14";
				CLANG_CXX_LIBRARY = "libc++";
				CLANG_ENABLE_MODULES = YES;
				CLANG_ENABLE_OBJC_ARC = YES;
				CLANG_ENABLE_OBJC_WEAK = YES;
				CLANG_WARN_BLOCK_CAPTURE_AUTORELEASING = YES;
				CLANG_WARN_BOOL_CONVERSION = YES;
				CLANG_WARN_COMMA = YES;
				CLANG_WARN_CONSTANT_CONVERSION = YES;
				CLANG_WARN_DEPRECATED_OBJC_IMPLEMENTATIONS = YES;
				CLANG_WARN_DIRECT_OBJC_ISA_USAGE = YES_ERROR;
				CLANG_WARN_DOCUMENTATION_COMMENTS = YES;
				CLANG_WARN_EMPTY_BODY = YES;
				CLANG_WARN_ENUM_CONVERSION = YES;
				CLANG_WARN_INFINITE_RECURSION = YES;
				CLANG_WARN_INT_CONVERSION = YES;
				CLANG_WARN_NON_LITERAL_NULL_CONVERSION = YES;
				CLANG_WARN_OBJC_IMPLICIT_RETAIN_SELF = YES;
				CLANG_WARN_OBJC_LITERAL_CONVERSION = YES;
				CLANG_WARN_OBJC_ROOT_CLASS = YES_ERROR;
				CLANG_WARN_RANGE_LOOP_ANALYSIS = YES;
				CLANG_WARN_STRICT_PROTOTYPES = YES;
				CLANG_WARN_SUSPICIOUS_MOVE = YES;
				CLANG_WARN_UNGUARDED_AVAILABILITY = YES_AGGRESSIVE;
				CLANG_WARN_UNREACHABLE_CODE = YES;
				CLANG_WARN__DUPLICATE_METHOD_MATCH = YES;
				CODE_SIGN_IDENTITY = "iPhone Developer";
				COPY_PHASE_STRIP = NO;
				DEBUG_INFORMATION_FORMAT = "dwarf-with-dsym";
				ENABLE_NS_ASSERTIONS = NO;
				ENABLE_STRICT_OBJC_MSGSEND = YES;
				GCC_C_LANGUAGE_STANDARD = gnu11;
				GCC_NO_COMMON_BLOCKS = YES;
				GCC_WARN_64_TO_32_BIT_CONVERSION = YES;
				GCC_WARN_ABOUT_RETURN_TYPE = YES_ERROR;
				GCC_WARN_UNDECLARED_SELECTOR = YES;
				GCC_WARN_UNINITIALIZED_AUTOS = YES_AGGRESSIVE;
				GCC_WARN_UNUSED_FUNCTION = YES;
				GCC_WARN_UNUSED_VARIABLE = YES;
				IPHONEOS_DEPLOYMENT_TARGET = 11.4;
				MTL_ENABLE_DEBUG_INFO = NO;
				SDKROOT = iphoneos;
				SWIFT_COMPILATION_MODE = wholemodule;
				SWIFT_OPTIMIZATION_LEVEL = "-O";
				VALIDATE_PRODUCT = YES;
			};
			name = Release;
		};
		79DCC5AF20C54A3B002EE6A8 /* Debug */ = {
			isa = XCBuildConfiguration;
			buildSettings = {
				ASSETCATALOG_COMPILER_APPICON_NAME = AppIcon;
				CODE_SIGN_STYLE = Automatic;
				INFOPLIST_FILE = Bowling/Info.plist;
				LD_RUNPATH_SEARCH_PATHS = (
					"$(inherited)",
					"@executable_path/Frameworks",
				);
				PRODUCT_BUNDLE_IDENTIFIER = com.hajamasood.Bowling;
				PRODUCT_NAME = "$(TARGET_NAME)";
				SWIFT_VERSION = 4.0;
				TARGETED_DEVICE_FAMILY = "1,2";
			};
			name = Debug;
		};
		79DCC5B020C54A3B002EE6A8 /* Release */ = {
			isa = XCBuildConfiguration;
			buildSettings = {
				ASSETCATALOG_COMPILER_APPICON_NAME = AppIcon;
				CODE_SIGN_STYLE = Automatic;
				INFOPLIST_FILE = Bowling/Info.plist;
				LD_RUNPATH_SEARCH_PATHS = (
					"$(inherited)",
					"@executable_path/Frameworks",
				);
				PRODUCT_BUNDLE_IDENTIFIER = com.hajamasood.Bowling;
				PRODUCT_NAME = "$(TARGET_NAME)";
				SWIFT_VERSION = 4.0;
				TARGETED_DEVICE_FAMILY = "1,2";
			};
			name = Release;
		};
		79DCC5B220C54A3B002EE6A8 /* Debug */ = {
			isa = XCBuildConfiguration;
			buildSettings = {
				ALWAYS_EMBED_SWIFT_STANDARD_LIBRARIES = YES;
				BUNDLE_LOADER = "$(TEST_HOST)";
				CODE_SIGN_STYLE = Automatic;
				INFOPLIST_FILE = BowlingTests/Info.plist;
				LD_RUNPATH_SEARCH_PATHS = (
					"$(inherited)",
					"@executable_path/Frameworks",
					"@loader_path/Frameworks",
				);
				PRODUCT_BUNDLE_IDENTIFIER = com.hajamasood.BowlingTests;
				PRODUCT_NAME = "$(TARGET_NAME)";
				SWIFT_VERSION = 4.0;
				TARGETED_DEVICE_FAMILY = "1,2";
				TEST_HOST = "$(BUILT_PRODUCTS_DIR)/Bowling.app/Bowling";
			};
			name = Debug;
		};
		79DCC5B320C54A3B002EE6A8 /* Release */ = {
			isa = XCBuildConfiguration;
			buildSettings = {
				ALWAYS_EMBED_SWIFT_STANDARD_LIBRARIES = YES;
				BUNDLE_LOADER = "$(TEST_HOST)";
				CODE_SIGN_STYLE = Automatic;
				INFOPLIST_FILE = BowlingTests/Info.plist;
				LD_RUNPATH_SEARCH_PATHS = (
					"$(inherited)",
					"@executable_path/Frameworks",
					"@loader_path/Frameworks",
				);
				PRODUCT_BUNDLE_IDENTIFIER = com.hajamasood.BowlingTests;
				PRODUCT_NAME = "$(TARGET_NAME)";
				SWIFT_VERSION = 4.0;
				TARGETED_DEVICE_FAMILY = "1,2";
				TEST_HOST = "$(BUILT_PRODUCTS_DIR)/Bowling.app/Bowling";
			};
			name = Release;
		};
		79DCC5B520C54A3B002EE6A8 /* Debug */ = {
			isa = XCBuildConfiguration;
			buildSettings = {
				ALWAYS_EMBED_SWIFT_STANDARD_LIBRARIES = YES;
				CODE_SIGN_STYLE = Automatic;
				INFOPLIST_FILE = BowlingUITests/Info.plist;
				LD_RUNPATH_SEARCH_PATHS = (
					"$(inherited)",
					"@executable_path/Frameworks",
					"@loader_path/Frameworks",
				);
				PRODUCT_BUNDLE_IDENTIFIER = com.hajamasood.BowlingUITests;
				PRODUCT_NAME = "$(TARGET_NAME)";
				SWIFT_VERSION = 4.0;
				TARGETED_DEVICE_FAMILY = "1,2";
				TEST_TARGET_NAME = Bowling;
			};
			name = Debug;
		};
		79DCC5B620C54A3B002EE6A8 /* Release */ = {
			isa = XCBuildConfiguration;
			buildSettings = {
				ALWAYS_EMBED_SWIFT_STANDARD_LIBRARIES = YES;
				CODE_SIGN_STYLE = Automatic;
				INFOPLIST_FILE = BowlingUITests/Info.plist;
				LD_RUNPATH_SEARCH_PATHS = (
					"$(inherited)",
					"@executable_path/Frameworks",
					"@loader_path/Frameworks",
				);
				PRODUCT_BUNDLE_IDENTIFIER = com.hajamasood.BowlingUITests;
				PRODUCT_NAME = "$(TARGET_NAME)";
				SWIFT_VERSION = 4.0;
				TARGETED_DEVICE_FAMILY = "1,2";
				TEST_TARGET_NAME = Bowling;
			};
			name = Release;
		};
/* End XCBuildConfiguration section */

/* Begin XCConfigurationList section */
		79DCC58120C54A3A002EE6A8 /* Build configuration list for PBXProject "Bowling" */ = {
			isa = XCConfigurationList;
			buildConfigurations = (
				79DCC5AC20C54A3B002EE6A8 /* Debug */,
				79DCC5AD20C54A3B002EE6A8 /* Release */,
			);
			defaultConfigurationIsVisible = 0;
			defaultConfigurationName = Release;
		};
		79DCC5AE20C54A3B002EE6A8 /* Build configuration list for PBXNativeTarget "Bowling" */ = {
			isa = XCConfigurationList;
			buildConfigurations = (
				79DCC5AF20C54A3B002EE6A8 /* Debug */,
				79DCC5B020C54A3B002EE6A8 /* Release */,
			);
			defaultConfigurationIsVisible = 0;
			defaultConfigurationName = Release;
		};
		79DCC5B120C54A3B002EE6A8 /* Build configuration list for PBXNativeTarget "BowlingTests" */ = {
			isa = XCConfigurationList;
			buildConfigurations = (
				79DCC5B220C54A3B002EE6A8 /* Debug */,
				79DCC5B320C54A3B002EE6A8 /* Release */,
			);
			defaultConfigurationIsVisible = 0;
			defaultConfigurationName = Release;
		};
		79DCC5B420C54A3B002EE6A8 /* Build configuration list for PBXNativeTarget "BowlingUITests" */ = {
			isa = XCConfigurationList;
			buildConfigurations = (
				79DCC5B520C54A3B002EE6A8 /* Debug */,
				79DCC5B620C54A3B002EE6A8 /* Release */,
			);
			defaultConfigurationIsVisible = 0;
			defaultConfigurationName = Release;
		};
/* End XCConfigurationList section */
	};
	rootObject = 79DCC57E20C54A3A002EE6A8 /* Project object */;
}
